
Microsoft Visual Studio Solution File, Format Version 12.00
# Visual Studio Version 16
VisualStudioVersion = 16.0.35731.53
MinimumVisualStudioVersion = 10.0.40219.1
Project("{F184B08F-C81C-45F6-A57F-5ABD9991F28F}") = "quickKart", "quickKart.vbproj", "{9046E95E-D213-4D66-BA5C-7534C9965B87}"
EndProject
Global
	GlobalSection(SolutionConfigurationPlatforms) = preSolution
		Debug|x86 = Debug|x86
		Release|x86 = Release|x86
	EndGlobalSection
	GlobalSection(ProjectConfigurationPlatforms) = postSolution
		{9046E95E-D213-4D66-BA5C-7534C9965B87}.Debug|x86.ActiveCfg = Debug|x86
		{9046E95E-D213-4D66-BA5C-7534C9965B87}.Debug|x86.Build.0 = Debug|x86
		{9046E95E-D213-4D66-BA5C-7534C9965B87}.Release|x86.ActiveCfg = Release|x86
		{9046E95E-D213-4D66-BA5C-7534C9965B87}.Release|x86.Build.0 = Release|x86
	EndGlobalSection
	GlobalSection(SolutionProperties) = preSolution
		HideSolutionNode = FALSE
	EndGlobalSection
	GlobalSection(ExtensibilityGlobals) = postSolution
		SolutionGuid = {96E2BEC7-9F87-4919-9918-ECA8E31245D1}
	EndGlobalSection
EndGlobal
